{
  "object": {
    "pins": [
      {
        "package": "BayesFilter",
        "repositoryURL": "https://github.com/regexident/BayesFilter",
        "state": {
          "branch": "master",
          "revision": "b46b81a9ac14320a7483d44bccee7d8e48560609",
          "version": null
        }
      },
      {
        "package": "StateSpace",
        "repositoryURL": "https://github.com/regexident/StateSpace",
        "state": {
          "branch": "master",
          "revision": "48971b0164fda18c12550167387c60fd10daa338",
          "version": null
        }
      },
      {
        "package": "StateSpaceModel",
        "repositoryURL": "https://github.com/regexident/StateSpaceModel",
        "state": {
          "branch": "master",
          "revision": "199ce2ffe65b84442dadb4c2a1af0b8d3b9a533d",
          "version": null
        }
      },
      {
        "package": "Surge",
        "repositoryURL": "https://github.com/jounce/Surge",
        "state": {
          "branch": null,
          "revision": "b9777a8d0c1df1ed0a22d238fb987c60d13513ac",
          "version": "2.3.0"
        }
      }
    ]
  },
  "version": 1
}
