{
  "object": {
    "pins": [
      {
        "package": "BayesFilter",
        "repositoryURL": "https://github.com/regexident/BayesFilter",
        "state": {
          "branch": "master",
          "revision": "b46b81a9ac14320a7483d44bccee7d8e48560609",
          "version": null
        }
      },
      {
        "package": "StateSpace",
        "repositoryURL": "https://github.com/regexident/StateSpace",
        "state": {
          "branch": "master",
          "revision": "2a644e5916b2a5047cd2b35cdf997f1f198f4a07",
          "version": null
        }
      },
      {
        "package": "StateSpaceModel",
        "repositoryURL": "https://github.com/regexident/StateSpaceModel",
        "state": {
          "branch": "master",
          "revision": "308465bca7928b489745c0f2b114bd4b01edc7eb",
          "version": null
        }
      },
      {
        "package": "Surge",
        "repositoryURL": "https://github.com/jounce/Surge",
        "state": {
          "branch": "master",
          "revision": "844fd175cfc18cf36e6f1a6606d29d5e61caddd8",
          "version": null
        }
      }
    ]
  },
  "version": 1
}
