// !$*UTF8*$!
{
	archiveVersion = 1;
	classes = {
	};
	objectVersion = 46;
	objects = {

/* Begin PBXAggregateTarget section */
		"ParticleFilter::ParticleFilterPackageTests::ProductTarget" /* ParticleFilterPackageTests */ = {
			isa = PBXAggregateTarget;
			buildConfigurationList = OBJ_72 /* Build configuration list for PBXAggregateTarget "ParticleFilterPackageTests" */;
			buildPhases = (
			);
			dependencies = (
				OBJ_75 /* PBXTargetDependency */,
			);
			name = ParticleFilterPackageTests;
			productName = ParticleFilterPackageTests;
		};
/* End PBXAggregateTarget section */

/* Begin PBXBuildFile section */
		CA97F44222686E6B00CBB79E /* ParticleFilterProtocol.swift in Sources */ = {isa = PBXBuildFile; fileRef = CA97F44122686E6B00CBB79E /* ParticleFilterProtocol.swift */; };
		CA97F46E2268F26D00CBB79E /* CPUParticleFilter.swift in Sources */ = {isa = PBXBuildFile; fileRef = CA97F46D2268F26C00CBB79E /* CPUParticleFilter.swift */; };
		CA97F4F12269235500CBB79E /* Vector.swift in Sources */ = {isa = PBXBuildFile; fileRef = CA97F4F02269235500CBB79E /* Vector.swift */; };
		CA97F4FC2269E72C00CBB79E /* Model.swift in Sources */ = {isa = PBXBuildFile; fileRef = CA97F4FB2269E72C00CBB79E /* Model.swift */; };
		CA97F503226A043100CBB79E /* ParticleFilter.swift in Sources */ = {isa = PBXBuildFile; fileRef = CA97F502226A043100CBB79E /* ParticleFilter.swift */; };
		CA97F505226A04F500CBB79E /* Observation.swift in Sources */ = {isa = PBXBuildFile; fileRef = CA97F504226A04F500CBB79E /* Observation.swift */; };
		CA97F507226A05CF00CBB79E /* Particle.swift in Sources */ = {isa = PBXBuildFile; fileRef = CA97F506226A05CF00CBB79E /* Particle.swift */; };
		CA97F50C226A06D300CBB79E /* CPUParticleFilterTests.swift in Sources */ = {isa = PBXBuildFile; fileRef = CA97F50B226A06D300CBB79E /* CPUParticleFilterTests.swift */; };
		CA97F511226F1A2A00CBB79E /* NearEquatable.swift in Sources */ = {isa = PBXBuildFile; fileRef = CA97F510226F1A2A00CBB79E /* NearEquatable.swift */; };
		CA97F513226F1CBC00CBB79E /* NearEquatable+Extensions.swift in Sources */ = {isa = PBXBuildFile; fileRef = CA97F512226F1CBC00CBB79E /* NearEquatable+Extensions.swift */; };
		CA97F525226FB04C00CBB79E /* GPUParticleFilter.swift in Sources */ = {isa = PBXBuildFile; fileRef = CA97F51E226FB04C00CBB79E /* GPUParticleFilter.swift */; };
		OBJ_100 /* FFT.swift in Sources */ = {isa = PBXBuildFile; fileRef = OBJ_32 /* FFT.swift */; };
		OBJ_101 /* Hyperbolic.swift in Sources */ = {isa = PBXBuildFile; fileRef = OBJ_33 /* Hyperbolic.swift */; };
		OBJ_102 /* Matrix.swift in Sources */ = {isa = PBXBuildFile; fileRef = OBJ_34 /* Matrix.swift */; };
		OBJ_103 /* Pointers.swift in Sources */ = {isa = PBXBuildFile; fileRef = OBJ_35 /* Pointers.swift */; };
		OBJ_104 /* Power.swift in Sources */ = {isa = PBXBuildFile; fileRef = OBJ_36 /* Power.swift */; };
		OBJ_105 /* Statistics.swift in Sources */ = {isa = PBXBuildFile; fileRef = OBJ_37 /* Statistics.swift */; };
		OBJ_106 /* Trigonometric.swift in Sources */ = {isa = PBXBuildFile; fileRef = OBJ_38 /* Trigonometric.swift */; };
		OBJ_107 /* UnsafeMemory.swift in Sources */ = {isa = PBXBuildFile; fileRef = OBJ_39 /* UnsafeMemory.swift */; };
		OBJ_108 /* UnsafeMutableMemory.swift in Sources */ = {isa = PBXBuildFile; fileRef = OBJ_40 /* UnsafeMutableMemory.swift */; };
		OBJ_115 /* Package.swift in Sources */ = {isa = PBXBuildFile; fileRef = OBJ_41 /* Package.swift */; };
		OBJ_120 /* particle_filter.c in Sources */ = {isa = PBXBuildFile; fileRef = OBJ_16 /* particle_filter.c */; };
		OBJ_122 /* particle_filter.h in Headers */ = {isa = PBXBuildFile; fileRef = OBJ_18 /* particle_filter.h */; settings = {ATTRIBUTES = (Public, ); }; };
		OBJ_53 /* Benchmark.swift in Sources */ = {isa = PBXBuildFile; fileRef = OBJ_10 /* Benchmark.swift */; };
		OBJ_59 /* Surge.framework in Frameworks */ = {isa = PBXBuildFile; fileRef = "Surge::Surge::Product" /* Surge.framework */; };
		OBJ_60 /* particle_filter.framework in Frameworks */ = {isa = PBXBuildFile; fileRef = "ParticleFilter::particle_filter::Product" /* particle_filter.framework */; };
		OBJ_70 /* Package.swift in Sources */ = {isa = PBXBuildFile; fileRef = OBJ_6 /* Package.swift */; };
		OBJ_82 /* XCTestManifests.swift in Sources */ = {isa = PBXBuildFile; fileRef = OBJ_22 /* XCTestManifests.swift */; };
		OBJ_84 /* ParticleFilter.framework in Frameworks */ = {isa = PBXBuildFile; fileRef = "ParticleFilter::ParticleFilter::Product" /* ParticleFilter.framework */; };
		OBJ_85 /* Surge.framework in Frameworks */ = {isa = PBXBuildFile; fileRef = "Surge::Surge::Product" /* Surge.framework */; };
		OBJ_86 /* particle_filter.framework in Frameworks */ = {isa = PBXBuildFile; fileRef = "ParticleFilter::particle_filter::Product" /* particle_filter.framework */; };
		OBJ_94 /* Arithmetic.swift in Sources */ = {isa = PBXBuildFile; fileRef = OBJ_26 /* Arithmetic.swift */; };
		OBJ_95 /* ArraySliceUnsafeMemory.swift in Sources */ = {isa = PBXBuildFile; fileRef = OBJ_27 /* ArraySliceUnsafeMemory.swift */; };
		OBJ_96 /* ArrayUnsafeMemory.swift in Sources */ = {isa = PBXBuildFile; fileRef = OBJ_28 /* ArrayUnsafeMemory.swift */; };
		OBJ_97 /* Auxiliary.swift in Sources */ = {isa = PBXBuildFile; fileRef = OBJ_29 /* Auxiliary.swift */; };
		OBJ_98 /* Convolution.swift in Sources */ = {isa = PBXBuildFile; fileRef = OBJ_30 /* Convolution.swift */; };
		OBJ_99 /* Exponential.swift in Sources */ = {isa = PBXBuildFile; fileRef = OBJ_31 /* Exponential.swift */; };
/* End PBXBuildFile section */

/* Begin PBXContainerItemProxy section */
		CA97F43622686CE800CBB79E /* PBXContainerItemProxy */ = {
			isa = PBXContainerItemProxy;
			containerPortal = OBJ_1 /* Project object */;
			proxyType = 1;
			remoteGlobalIDString = "Surge::Surge";
			remoteInfo = Surge;
		};
		CA97F43722686CE800CBB79E /* PBXContainerItemProxy */ = {
			isa = PBXContainerItemProxy;
			containerPortal = OBJ_1 /* Project object */;
			proxyType = 1;
			remoteGlobalIDString = "ParticleFilter::particle_filter";
			remoteInfo = particle_filter;
		};
		CA97F43822686CE800CBB79E /* PBXContainerItemProxy */ = {
			isa = PBXContainerItemProxy;
			containerPortal = OBJ_1 /* Project object */;
			proxyType = 1;
			remoteGlobalIDString = "ParticleFilter::ParticleFilter";
			remoteInfo = ParticleFilter;
		};
		CA97F43922686CE800CBB79E /* PBXContainerItemProxy */ = {
			isa = PBXContainerItemProxy;
			containerPortal = OBJ_1 /* Project object */;
			proxyType = 1;
			remoteGlobalIDString = "Surge::Surge";
			remoteInfo = Surge;
		};
		CA97F43A22686CE800CBB79E /* PBXContainerItemProxy */ = {
			isa = PBXContainerItemProxy;
			containerPortal = OBJ_1 /* Project object */;
			proxyType = 1;
			remoteGlobalIDString = "ParticleFilter::particle_filter";
			remoteInfo = particle_filter;
		};
		CA97F43B22686CE900CBB79E /* PBXContainerItemProxy */ = {
			isa = PBXContainerItemProxy;
			containerPortal = OBJ_1 /* Project object */;
			proxyType = 1;
			remoteGlobalIDString = "ParticleFilter::ParticleFilterTests";
			remoteInfo = ParticleFilterTests;
		};
/* End PBXContainerItemProxy section */

/* Begin PBXFileReference section */
		CA97F44122686E6B00CBB79E /* ParticleFilterProtocol.swift */ = {isa = PBXFileReference; lastKnownFileType = sourcecode.swift; path = ParticleFilterProtocol.swift; sourceTree = "<group>"; };
		CA97F46D2268F26C00CBB79E /* CPUParticleFilter.swift */ = {isa = PBXFileReference; fileEncoding = 4; lastKnownFileType = sourcecode.swift; path = CPUParticleFilter.swift; sourceTree = "<group>"; };
		CA97F4F02269235500CBB79E /* Vector.swift */ = {isa = PBXFileReference; lastKnownFileType = sourcecode.swift; path = Vector.swift; sourceTree = "<group>"; };
		CA97F4FB2269E72C00CBB79E /* Model.swift */ = {isa = PBXFileReference; lastKnownFileType = sourcecode.swift; path = Model.swift; sourceTree = "<group>"; };
		CA97F502226A043100CBB79E /* ParticleFilter.swift */ = {isa = PBXFileReference; lastKnownFileType = sourcecode.swift; path = ParticleFilter.swift; sourceTree = "<group>"; };
		CA97F504226A04F500CBB79E /* Observation.swift */ = {isa = PBXFileReference; lastKnownFileType = sourcecode.swift; path = Observation.swift; sourceTree = "<group>"; };
		CA97F506226A05CF00CBB79E /* Particle.swift */ = {isa = PBXFileReference; lastKnownFileType = sourcecode.swift; path = Particle.swift; sourceTree = "<group>"; };
		CA97F50B226A06D300CBB79E /* CPUParticleFilterTests.swift */ = {isa = PBXFileReference; lastKnownFileType = sourcecode.swift; path = CPUParticleFilterTests.swift; sourceTree = "<group>"; };
		CA97F50D226AF95B00CBB79E /* XCTest+Functions.swift */ = {isa = PBXFileReference; lastKnownFileType = sourcecode.swift; path = "XCTest+Functions.swift"; sourceTree = "<group>"; };
		CA97F510226F1A2A00CBB79E /* NearEquatable.swift */ = {isa = PBXFileReference; lastKnownFileType = sourcecode.swift; path = NearEquatable.swift; sourceTree = "<group>"; };
		CA97F512226F1CBC00CBB79E /* NearEquatable+Extensions.swift */ = {isa = PBXFileReference; lastKnownFileType = sourcecode.swift; path = "NearEquatable+Extensions.swift"; sourceTree = "<group>"; };
		CA97F51E226FB04C00CBB79E /* GPUParticleFilter.swift */ = {isa = PBXFileReference; fileEncoding = 4; lastKnownFileType = sourcecode.swift; path = GPUParticleFilter.swift; sourceTree = "<group>"; };
		OBJ_10 /* Benchmark.swift */ = {isa = PBXFileReference; lastKnownFileType = sourcecode.swift; path = Benchmark.swift; sourceTree = "<group>"; };
		OBJ_16 /* particle_filter.c */ = {isa = PBXFileReference; lastKnownFileType = sourcecode.c.c; path = particle_filter.c; sourceTree = "<group>"; };
		OBJ_18 /* particle_filter.h */ = {isa = PBXFileReference; lastKnownFileType = sourcecode.c.h; path = particle_filter.h; sourceTree = "<group>"; };
		OBJ_22 /* XCTestManifests.swift */ = {isa = PBXFileReference; lastKnownFileType = sourcecode.swift; path = XCTestManifests.swift; sourceTree = "<group>"; };
		OBJ_26 /* Arithmetic.swift */ = {isa = PBXFileReference; lastKnownFileType = sourcecode.swift; path = Arithmetic.swift; sourceTree = "<group>"; };
		OBJ_27 /* ArraySliceUnsafeMemory.swift */ = {isa = PBXFileReference; lastKnownFileType = sourcecode.swift; path = ArraySliceUnsafeMemory.swift; sourceTree = "<group>"; };
		OBJ_28 /* ArrayUnsafeMemory.swift */ = {isa = PBXFileReference; lastKnownFileType = sourcecode.swift; path = ArrayUnsafeMemory.swift; sourceTree = "<group>"; };
		OBJ_29 /* Auxiliary.swift */ = {isa = PBXFileReference; lastKnownFileType = sourcecode.swift; path = Auxiliary.swift; sourceTree = "<group>"; };
		OBJ_30 /* Convolution.swift */ = {isa = PBXFileReference; lastKnownFileType = sourcecode.swift; path = Convolution.swift; sourceTree = "<group>"; };
		OBJ_31 /* Exponential.swift */ = {isa = PBXFileReference; lastKnownFileType = sourcecode.swift; path = Exponential.swift; sourceTree = "<group>"; };
		OBJ_32 /* FFT.swift */ = {isa = PBXFileReference; lastKnownFileType = sourcecode.swift; path = FFT.swift; sourceTree = "<group>"; };
		OBJ_33 /* Hyperbolic.swift */ = {isa = PBXFileReference; lastKnownFileType = sourcecode.swift; path = Hyperbolic.swift; sourceTree = "<group>"; };
		OBJ_34 /* Matrix.swift */ = {isa = PBXFileReference; lastKnownFileType = sourcecode.swift; path = Matrix.swift; sourceTree = "<group>"; };
		OBJ_35 /* Pointers.swift */ = {isa = PBXFileReference; lastKnownFileType = sourcecode.swift; path = Pointers.swift; sourceTree = "<group>"; };
		OBJ_36 /* Power.swift */ = {isa = PBXFileReference; lastKnownFileType = sourcecode.swift; path = Power.swift; sourceTree = "<group>"; };
		OBJ_37 /* Statistics.swift */ = {isa = PBXFileReference; lastKnownFileType = sourcecode.swift; path = Statistics.swift; sourceTree = "<group>"; };
		OBJ_38 /* Trigonometric.swift */ = {isa = PBXFileReference; lastKnownFileType = sourcecode.swift; path = Trigonometric.swift; sourceTree = "<group>"; };
		OBJ_39 /* UnsafeMemory.swift */ = {isa = PBXFileReference; lastKnownFileType = sourcecode.swift; path = UnsafeMemory.swift; sourceTree = "<group>"; };
		OBJ_40 /* UnsafeMutableMemory.swift */ = {isa = PBXFileReference; lastKnownFileType = sourcecode.swift; path = UnsafeMutableMemory.swift; sourceTree = "<group>"; };
		OBJ_41 /* Package.swift */ = {isa = PBXFileReference; explicitFileType = sourcecode.swift; name = Package.swift; path = /Users/vincent.esche/Projects/Swift/ParticleFilter2/.build/checkouts/Surge/Package.swift; sourceTree = "<group>"; };
		OBJ_47 /* README.md */ = {isa = PBXFileReference; lastKnownFileType = net.daringfireball.markdown; path = README.md; sourceTree = "<group>"; };
		OBJ_6 /* Package.swift */ = {isa = PBXFileReference; explicitFileType = sourcecode.swift; path = Package.swift; sourceTree = "<group>"; };
		"ParticleFilter::ParticleFilter::Product" /* ParticleFilter.framework */ = {isa = PBXFileReference; lastKnownFileType = wrapper.framework; path = ParticleFilter.framework; sourceTree = BUILT_PRODUCTS_DIR; };
		"ParticleFilter::ParticleFilterTests::Product" /* ParticleFilterTests.xctest */ = {isa = PBXFileReference; lastKnownFileType = file; path = ParticleFilterTests.xctest; sourceTree = BUILT_PRODUCTS_DIR; };
		"ParticleFilter::particle_filter::Product" /* particle_filter.framework */ = {isa = PBXFileReference; lastKnownFileType = wrapper.framework; path = particle_filter.framework; sourceTree = BUILT_PRODUCTS_DIR; };
		"Surge::Surge::Product" /* Surge.framework */ = {isa = PBXFileReference; lastKnownFileType = wrapper.framework; path = Surge.framework; sourceTree = BUILT_PRODUCTS_DIR; };
/* End PBXFileReference section */

/* Begin PBXFrameworksBuildPhase section */
		OBJ_109 /* Frameworks */ = {
			isa = PBXFrameworksBuildPhase;
			buildActionMask = 0;
			files = (
			);
			runOnlyForDeploymentPostprocessing = 0;
		};
		OBJ_123 /* Frameworks */ = {
			isa = PBXFrameworksBuildPhase;
			buildActionMask = 0;
			files = (
			);
			runOnlyForDeploymentPostprocessing = 0;
		};
		OBJ_58 /* Frameworks */ = {
			isa = PBXFrameworksBuildPhase;
			buildActionMask = 0;
			files = (
				OBJ_59 /* Surge.framework in Frameworks */,
				OBJ_60 /* particle_filter.framework in Frameworks */,
			);
			runOnlyForDeploymentPostprocessing = 0;
		};
		OBJ_83 /* Frameworks */ = {
			isa = PBXFrameworksBuildPhase;
			buildActionMask = 0;
			files = (
				OBJ_84 /* ParticleFilter.framework in Frameworks */,
				OBJ_85 /* Surge.framework in Frameworks */,
				OBJ_86 /* particle_filter.framework in Frameworks */,
			);
			runOnlyForDeploymentPostprocessing = 0;
		};
/* End PBXFrameworksBuildPhase section */

/* Begin PBXGroup section */
		CA97F4F72269E69600CBB79E /* CPU */ = {
			isa = PBXGroup;
			children = (
				CA97F46D2268F26C00CBB79E /* CPUParticleFilter.swift */,
			);
			path = CPU;
			sourceTree = "<group>";
		};
		CA97F4F82269E6A300CBB79E /* Shared */ = {
			isa = PBXGroup;
			children = (
				CA97F4FB2269E72C00CBB79E /* Model.swift */,
				CA97F506226A05CF00CBB79E /* Particle.swift */,
				CA97F504226A04F500CBB79E /* Observation.swift */,
			);
			path = Shared;
			sourceTree = "<group>";
		};
		CA97F519226FB04C00CBB79E /* GPU */ = {
			isa = PBXGroup;
			children = (
				CA97F51E226FB04C00CBB79E /* GPUParticleFilter.swift */,
			);
			path = GPU;
			sourceTree = "<group>";
		};
		OBJ_15 /* particle_filter */ = {
			isa = PBXGroup;
			children = (
				OBJ_16 /* particle_filter.c */,
				OBJ_17 /* include */,
			);
			name = particle_filter;
			path = Sources/particle_filter;
			sourceTree = SOURCE_ROOT;
		};
		OBJ_17 /* include */ = {
			isa = PBXGroup;
			children = (
				OBJ_18 /* particle_filter.h */,
			);
			path = include;
			sourceTree = "<group>";
		};
		OBJ_19 /* Tests */ = {
			isa = PBXGroup;
			children = (
				OBJ_20 /* ParticleFilterTests */,
			);
			name = Tests;
			sourceTree = SOURCE_ROOT;
		};
		OBJ_20 /* ParticleFilterTests */ = {
			isa = PBXGroup;
			children = (
				CA97F50B226A06D300CBB79E /* CPUParticleFilterTests.swift */,
				CA97F50D226AF95B00CBB79E /* XCTest+Functions.swift */,
				OBJ_22 /* XCTestManifests.swift */,
				CA97F510226F1A2A00CBB79E /* NearEquatable.swift */,
				CA97F512226F1CBC00CBB79E /* NearEquatable+Extensions.swift */,
			);
			name = ParticleFilterTests;
			path = Tests/ParticleFilterTests;
			sourceTree = SOURCE_ROOT;
		};
		OBJ_23 /* Dependencies */ = {
			isa = PBXGroup;
			children = (
				OBJ_24 /* Surge 2.2.0 */,
			);
			name = Dependencies;
			sourceTree = "<group>";
		};
		OBJ_24 /* Surge 2.2.0 */ = {
			isa = PBXGroup;
			children = (
				OBJ_25 /* Surge */,
				OBJ_41 /* Package.swift */,
			);
			name = "Surge 2.2.0";
			sourceTree = SOURCE_ROOT;
		};
		OBJ_25 /* Surge */ = {
			isa = PBXGroup;
			children = (
				OBJ_26 /* Arithmetic.swift */,
				OBJ_27 /* ArraySliceUnsafeMemory.swift */,
				OBJ_28 /* ArrayUnsafeMemory.swift */,
				OBJ_29 /* Auxiliary.swift */,
				OBJ_30 /* Convolution.swift */,
				OBJ_31 /* Exponential.swift */,
				OBJ_32 /* FFT.swift */,
				OBJ_33 /* Hyperbolic.swift */,
				OBJ_34 /* Matrix.swift */,
				OBJ_35 /* Pointers.swift */,
				OBJ_36 /* Power.swift */,
				OBJ_37 /* Statistics.swift */,
				OBJ_38 /* Trigonometric.swift */,
				OBJ_39 /* UnsafeMemory.swift */,
				OBJ_40 /* UnsafeMutableMemory.swift */,
			);
			name = Surge;
			path = .build/checkouts/Surge/Sources/Surge;
			sourceTree = SOURCE_ROOT;
		};
		OBJ_42 /* Products */ = {
			isa = PBXGroup;
			children = (
				"ParticleFilter::ParticleFilter::Product" /* ParticleFilter.framework */,
				"ParticleFilter::ParticleFilterTests::Product" /* ParticleFilterTests.xctest */,
				"Surge::Surge::Product" /* Surge.framework */,
				"ParticleFilter::particle_filter::Product" /* particle_filter.framework */,
			);
			name = Products;
			sourceTree = BUILT_PRODUCTS_DIR;
		};
		OBJ_5 = {
			isa = PBXGroup;
			children = (
				OBJ_6 /* Package.swift */,
				OBJ_7 /* Sources */,
				OBJ_19 /* Tests */,
				OBJ_23 /* Dependencies */,
				OBJ_42 /* Products */,
				OBJ_47 /* README.md */,
			);
			sourceTree = "<group>";
		};
		OBJ_7 /* Sources */ = {
			isa = PBXGroup;
			children = (
				OBJ_8 /* ParticleFilter */,
				OBJ_15 /* particle_filter */,
			);
			name = Sources;
			sourceTree = SOURCE_ROOT;
		};
		OBJ_8 /* ParticleFilter */ = {
			isa = PBXGroup;
			children = (
				CA97F44122686E6B00CBB79E /* ParticleFilterProtocol.swift */,
				CA97F502226A043100CBB79E /* ParticleFilter.swift */,
				CA97F4F82269E6A300CBB79E /* Shared */,
				CA97F4F72269E69600CBB79E /* CPU */,
				CA97F519226FB04C00CBB79E /* GPU */,
				OBJ_10 /* Benchmark.swift */,
				CA97F4F02269235500CBB79E /* Vector.swift */,
			);
			name = ParticleFilter;
			path = Sources/ParticleFilter;
			sourceTree = SOURCE_ROOT;
		};
/* End PBXGroup section */

/* Begin PBXHeadersBuildPhase section */
		OBJ_121 /* Headers */ = {
			isa = PBXHeadersBuildPhase;
			buildActionMask = 0;
			files = (
				OBJ_122 /* particle_filter.h in Headers */,
			);
			runOnlyForDeploymentPostprocessing = 0;
		};
/* End PBXHeadersBuildPhase section */

/* Begin PBXNativeTarget section */
		"ParticleFilter::ParticleFilter" /* ParticleFilter */ = {
			isa = PBXNativeTarget;
			buildConfigurationList = OBJ_49 /* Build configuration list for PBXNativeTarget "ParticleFilter" */;
			buildPhases = (
				OBJ_52 /* Sources */,
				OBJ_58 /* Frameworks */,
			);
			buildRules = (
			);
			dependencies = (
				OBJ_61 /* PBXTargetDependency */,
				OBJ_63 /* PBXTargetDependency */,
			);
			name = ParticleFilter;
			productName = ParticleFilter;
			productReference = "ParticleFilter::ParticleFilter::Product" /* ParticleFilter.framework */;
			productType = "com.apple.product-type.framework";
		};
		"ParticleFilter::ParticleFilterTests" /* ParticleFilterTests */ = {
			isa = PBXNativeTarget;
			buildConfigurationList = OBJ_77 /* Build configuration list for PBXNativeTarget "ParticleFilterTests" */;
			buildPhases = (
				OBJ_80 /* Sources */,
				OBJ_83 /* Frameworks */,
			);
			buildRules = (
			);
			dependencies = (
				OBJ_87 /* PBXTargetDependency */,
				OBJ_88 /* PBXTargetDependency */,
				OBJ_89 /* PBXTargetDependency */,
			);
			name = ParticleFilterTests;
			productName = ParticleFilterTests;
			productReference = "ParticleFilter::ParticleFilterTests::Product" /* ParticleFilterTests.xctest */;
			productType = "com.apple.product-type.bundle.unit-test";
		};
		"ParticleFilter::SwiftPMPackageDescription" /* ParticleFilterPackageDescription */ = {
			isa = PBXNativeTarget;
			buildConfigurationList = OBJ_66 /* Build configuration list for PBXNativeTarget "ParticleFilterPackageDescription" */;
			buildPhases = (
				OBJ_69 /* Sources */,
			);
			buildRules = (
			);
			dependencies = (
			);
			name = ParticleFilterPackageDescription;
			productName = ParticleFilterPackageDescription;
			productType = "com.apple.product-type.framework";
		};
		"ParticleFilter::particle_filter" /* particle_filter */ = {
			isa = PBXNativeTarget;
			buildConfigurationList = OBJ_116 /* Build configuration list for PBXNativeTarget "particle_filter" */;
			buildPhases = (
				OBJ_119 /* Sources */,
				OBJ_121 /* Headers */,
				OBJ_123 /* Frameworks */,
			);
			buildRules = (
			);
			dependencies = (
			);
			name = particle_filter;
			productName = particle_filter;
			productReference = "ParticleFilter::particle_filter::Product" /* particle_filter.framework */;
			productType = "com.apple.product-type.framework";
		};
		"Surge::Surge" /* Surge */ = {
			isa = PBXNativeTarget;
			buildConfigurationList = OBJ_90 /* Build configuration list for PBXNativeTarget "Surge" */;
			buildPhases = (
				OBJ_93 /* Sources */,
				OBJ_109 /* Frameworks */,
			);
			buildRules = (
			);
			dependencies = (
			);
			name = Surge;
			productName = Surge;
			productReference = "Surge::Surge::Product" /* Surge.framework */;
			productType = "com.apple.product-type.framework";
		};
		"Surge::SwiftPMPackageDescription" /* SurgePackageDescription */ = {
			isa = PBXNativeTarget;
			buildConfigurationList = OBJ_111 /* Build configuration list for PBXNativeTarget "SurgePackageDescription" */;
			buildPhases = (
				OBJ_114 /* Sources */,
			);
			buildRules = (
			);
			dependencies = (
			);
			name = SurgePackageDescription;
			productName = SurgePackageDescription;
			productType = "com.apple.product-type.framework";
		};
/* End PBXNativeTarget section */

/* Begin PBXProject section */
		OBJ_1 /* Project object */ = {
			isa = PBXProject;
			attributes = {
				LastSwiftMigration = 9999;
				LastUpgradeCheck = 9999;
			};
			buildConfigurationList = OBJ_2 /* Build configuration list for PBXProject "ParticleFilter" */;
			compatibilityVersion = "Xcode 3.2";
			developmentRegion = English;
			hasScannedForEncodings = 0;
			knownRegions = (
				English,
				en,
			);
			mainGroup = OBJ_5;
			productRefGroup = OBJ_42 /* Products */;
			projectDirPath = "";
			projectRoot = "";
			targets = (
				"ParticleFilter::ParticleFilter" /* ParticleFilter */,
				"ParticleFilter::SwiftPMPackageDescription" /* ParticleFilterPackageDescription */,
				"ParticleFilter::ParticleFilterPackageTests::ProductTarget" /* ParticleFilterPackageTests */,
				"ParticleFilter::ParticleFilterTests" /* ParticleFilterTests */,
				"Surge::Surge" /* Surge */,
				"Surge::SwiftPMPackageDescription" /* SurgePackageDescription */,
				"ParticleFilter::particle_filter" /* particle_filter */,
			);
		};
/* End PBXProject section */

/* Begin PBXSourcesBuildPhase section */
		OBJ_114 /* Sources */ = {
			isa = PBXSourcesBuildPhase;
			buildActionMask = 0;
			files = (
				OBJ_115 /* Package.swift in Sources */,
			);
			runOnlyForDeploymentPostprocessing = 0;
		};
		OBJ_119 /* Sources */ = {
			isa = PBXSourcesBuildPhase;
			buildActionMask = 0;
			files = (
				OBJ_120 /* particle_filter.c in Sources */,
			);
			runOnlyForDeploymentPostprocessing = 0;
		};
		OBJ_52 /* Sources */ = {
			isa = PBXSourcesBuildPhase;
			buildActionMask = 0;
			files = (
				CA97F507226A05CF00CBB79E /* Particle.swift in Sources */,
				CA97F503226A043100CBB79E /* ParticleFilter.swift in Sources */,
				CA97F44222686E6B00CBB79E /* ParticleFilterProtocol.swift in Sources */,
				CA97F46E2268F26D00CBB79E /* CPUParticleFilter.swift in Sources */,
				CA97F4F12269235500CBB79E /* Vector.swift in Sources */,
				OBJ_53 /* Benchmark.swift in Sources */,
				CA97F4FC2269E72C00CBB79E /* Model.swift in Sources */,
				CA97F505226A04F500CBB79E /* Observation.swift in Sources */,
				CA97F525226FB04C00CBB79E /* GPUParticleFilter.swift in Sources */,
			);
			runOnlyForDeploymentPostprocessing = 0;
		};
		OBJ_69 /* Sources */ = {
			isa = PBXSourcesBuildPhase;
			buildActionMask = 0;
			files = (
				OBJ_70 /* Package.swift in Sources */,
			);
			runOnlyForDeploymentPostprocessing = 0;
		};
		OBJ_80 /* Sources */ = {
			isa = PBXSourcesBuildPhase;
			buildActionMask = 0;
			files = (
				CA97F511226F1A2A00CBB79E /* NearEquatable.swift in Sources */,
				CA97F513226F1CBC00CBB79E /* NearEquatable+Extensions.swift in Sources */,
				CA97F50C226A06D300CBB79E /* CPUParticleFilterTests.swift in Sources */,
				OBJ_82 /* XCTestManifests.swift in Sources */,
			);
			runOnlyForDeploymentPostprocessing = 0;
		};
		OBJ_93 /* Sources */ = {
			isa = PBXSourcesBuildPhase;
			buildActionMask = 0;
			files = (
				OBJ_94 /* Arithmetic.swift in Sources */,
				OBJ_95 /* ArraySliceUnsafeMemory.swift in Sources */,
				OBJ_96 /* ArrayUnsafeMemory.swift in Sources */,
				OBJ_97 /* Auxiliary.swift in Sources */,
				OBJ_98 /* Convolution.swift in Sources */,
				OBJ_99 /* Exponential.swift in Sources */,
				OBJ_100 /* FFT.swift in Sources */,
				OBJ_101 /* Hyperbolic.swift in Sources */,
				OBJ_102 /* Matrix.swift in Sources */,
				OBJ_103 /* Pointers.swift in Sources */,
				OBJ_104 /* Power.swift in Sources */,
				OBJ_105 /* Statistics.swift in Sources */,
				OBJ_106 /* Trigonometric.swift in Sources */,
				OBJ_107 /* UnsafeMemory.swift in Sources */,
				OBJ_108 /* UnsafeMutableMemory.swift in Sources */,
			);
			runOnlyForDeploymentPostprocessing = 0;
		};
/* End PBXSourcesBuildPhase section */

/* Begin PBXTargetDependency section */
		OBJ_61 /* PBXTargetDependency */ = {
			isa = PBXTargetDependency;
			target = "Surge::Surge" /* Surge */;
			targetProxy = CA97F43622686CE800CBB79E /* PBXContainerItemProxy */;
		};
		OBJ_63 /* PBXTargetDependency */ = {
			isa = PBXTargetDependency;
			target = "ParticleFilter::particle_filter" /* particle_filter */;
			targetProxy = CA97F43722686CE800CBB79E /* PBXContainerItemProxy */;
		};
		OBJ_75 /* PBXTargetDependency */ = {
			isa = PBXTargetDependency;
			target = "ParticleFilter::ParticleFilterTests" /* ParticleFilterTests */;
			targetProxy = CA97F43B22686CE900CBB79E /* PBXContainerItemProxy */;
		};
		OBJ_87 /* PBXTargetDependency */ = {
			isa = PBXTargetDependency;
			target = "ParticleFilter::ParticleFilter" /* ParticleFilter */;
			targetProxy = CA97F43822686CE800CBB79E /* PBXContainerItemProxy */;
		};
		OBJ_88 /* PBXTargetDependency */ = {
			isa = PBXTargetDependency;
			target = "Surge::Surge" /* Surge */;
			targetProxy = CA97F43922686CE800CBB79E /* PBXContainerItemProxy */;
		};
		OBJ_89 /* PBXTargetDependency */ = {
			isa = PBXTargetDependency;
			target = "ParticleFilter::particle_filter" /* particle_filter */;
			targetProxy = CA97F43A22686CE800CBB79E /* PBXContainerItemProxy */;
		};
/* End PBXTargetDependency section */

/* Begin XCBuildConfiguration section */
		OBJ_112 /* Debug */ = {
			isa = XCBuildConfiguration;
			buildSettings = {
				LD = /usr/bin/true;
				OTHER_SWIFT_FLAGS = "-swift-version 4 -I $(TOOLCHAIN_DIR)/usr/lib/swift/pm/4 -target x86_64-apple-macosx10.10 -sdk /Applications/Xcode.app/Contents/Developer/Platforms/MacOSX.platform/Developer/SDKs/MacOSX10.14.sdk";
				SWIFT_VERSION = 4.0;
			};
			name = Debug;
		};
		OBJ_113 /* Release */ = {
			isa = XCBuildConfiguration;
			buildSettings = {
				LD = /usr/bin/true;
				OTHER_SWIFT_FLAGS = "-swift-version 4 -I $(TOOLCHAIN_DIR)/usr/lib/swift/pm/4 -target x86_64-apple-macosx10.10 -sdk /Applications/Xcode.app/Contents/Developer/Platforms/MacOSX.platform/Developer/SDKs/MacOSX10.14.sdk";
				SWIFT_VERSION = 4.0;
			};
			name = Release;
		};
		OBJ_117 /* Debug */ = {
			isa = XCBuildConfiguration;
			buildSettings = {
				CLANG_ENABLE_MODULES = YES;
				DEFINES_MODULE = YES;
				ENABLE_TESTABILITY = YES;
				FRAMEWORK_SEARCH_PATHS = (
					"$(inherited)",
					"$(PLATFORM_DIR)/Developer/Library/Frameworks",
				);
				HEADER_SEARCH_PATHS = (
					"$(inherited)",
					"$(SRCROOT)/Sources/particle_filter/include",
				);
				INFOPLIST_FILE = ParticleFilter.xcodeproj/particle_filter_Info.plist;
				IPHONEOS_DEPLOYMENT_TARGET = 8.0;
				LD_RUNPATH_SEARCH_PATHS = "$(inherited) $(TOOLCHAIN_DIR)/usr/lib/swift/macosx";
				MACOSX_DEPLOYMENT_TARGET = 10.11;
				OTHER_CFLAGS = "$(inherited)";
				OTHER_LDFLAGS = "$(inherited)";
				OTHER_SWIFT_FLAGS = "$(inherited)";
				PRODUCT_BUNDLE_IDENTIFIER = "particle-filter";
				PRODUCT_MODULE_NAME = "$(TARGET_NAME:c99extidentifier)";
				PRODUCT_NAME = "$(TARGET_NAME:c99extidentifier)";
				SKIP_INSTALL = YES;
				SWIFT_ACTIVE_COMPILATION_CONDITIONS = "$(inherited)";
				TARGET_NAME = particle_filter;
				TVOS_DEPLOYMENT_TARGET = 9.0;
				WATCHOS_DEPLOYMENT_TARGET = 2.0;
			};
			name = Debug;
		};
		OBJ_118 /* Release */ = {
			isa = XCBuildConfiguration;
			buildSettings = {
				CLANG_ENABLE_MODULES = YES;
				DEFINES_MODULE = YES;
				ENABLE_TESTABILITY = YES;
				FRAMEWORK_SEARCH_PATHS = (
					"$(inherited)",
					"$(PLATFORM_DIR)/Developer/Library/Frameworks",
				);
				HEADER_SEARCH_PATHS = (
					"$(inherited)",
					"$(SRCROOT)/Sources/particle_filter/include",
				);
				INFOPLIST_FILE = ParticleFilter.xcodeproj/particle_filter_Info.plist;
				IPHONEOS_DEPLOYMENT_TARGET = 8.0;
				LD_RUNPATH_SEARCH_PATHS = "$(inherited) $(TOOLCHAIN_DIR)/usr/lib/swift/macosx";
				MACOSX_DEPLOYMENT_TARGET = 10.11;
				OTHER_CFLAGS = "$(inherited)";
				OTHER_LDFLAGS = "$(inherited)";
				OTHER_SWIFT_FLAGS = "$(inherited)";
				PRODUCT_BUNDLE_IDENTIFIER = "particle-filter";
				PRODUCT_MODULE_NAME = "$(TARGET_NAME:c99extidentifier)";
				PRODUCT_NAME = "$(TARGET_NAME:c99extidentifier)";
				SKIP_INSTALL = YES;
				SWIFT_ACTIVE_COMPILATION_CONDITIONS = "$(inherited)";
				TARGET_NAME = particle_filter;
				TVOS_DEPLOYMENT_TARGET = 9.0;
				WATCHOS_DEPLOYMENT_TARGET = 2.0;
			};
			name = Release;
		};
		OBJ_3 /* Debug */ = {
			isa = XCBuildConfiguration;
			buildSettings = {
				CLANG_ENABLE_OBJC_ARC = YES;
				COMBINE_HIDPI_IMAGES = YES;
				COPY_PHASE_STRIP = NO;
				DEBUG_INFORMATION_FORMAT = dwarf;
				DYLIB_INSTALL_NAME_BASE = "@rpath";
				ENABLE_NS_ASSERTIONS = YES;
				GCC_OPTIMIZATION_LEVEL = 0;
				GCC_PREPROCESSOR_DEFINITIONS = (
					"$(inherited)",
					"SWIFT_PACKAGE=1",
					"DEBUG=1",
				);
				MACOSX_DEPLOYMENT_TARGET = 10.10;
				ONLY_ACTIVE_ARCH = YES;
				OTHER_SWIFT_FLAGS = "-DXcode";
				PRODUCT_NAME = "$(TARGET_NAME)";
				SDKROOT = macosx;
				SUPPORTED_PLATFORMS = "macosx iphoneos iphonesimulator appletvos appletvsimulator watchos watchsimulator";
				SWIFT_ACTIVE_COMPILATION_CONDITIONS = "$(inherited) SWIFT_PACKAGE DEBUG";
				SWIFT_OPTIMIZATION_LEVEL = "-Onone";
				USE_HEADERMAP = NO;
			};
			name = Debug;
		};
		OBJ_4 /* Release */ = {
			isa = XCBuildConfiguration;
			buildSettings = {
				CLANG_ENABLE_OBJC_ARC = YES;
				COMBINE_HIDPI_IMAGES = YES;
				COPY_PHASE_STRIP = YES;
				DEBUG_INFORMATION_FORMAT = "dwarf-with-dsym";
				DYLIB_INSTALL_NAME_BASE = "@rpath";
				GCC_OPTIMIZATION_LEVEL = s;
				GCC_PREPROCESSOR_DEFINITIONS = (
					"$(inherited)",
					"SWIFT_PACKAGE=1",
				);
				MACOSX_DEPLOYMENT_TARGET = 10.10;
				OTHER_SWIFT_FLAGS = "-DXcode";
				PRODUCT_NAME = "$(TARGET_NAME)";
				SDKROOT = macosx;
				SUPPORTED_PLATFORMS = "macosx iphoneos iphonesimulator appletvos appletvsimulator watchos watchsimulator";
				SWIFT_ACTIVE_COMPILATION_CONDITIONS = "$(inherited) SWIFT_PACKAGE";
				SWIFT_OPTIMIZATION_LEVEL = "-Owholemodule";
				USE_HEADERMAP = NO;
			};
			name = Release;
		};
		OBJ_50 /* Debug */ = {
			isa = XCBuildConfiguration;
			buildSettings = {
				ENABLE_TESTABILITY = YES;
				FRAMEWORK_SEARCH_PATHS = (
					"$(inherited)",
					"$(PLATFORM_DIR)/Developer/Library/Frameworks",
				);
				HEADER_SEARCH_PATHS = (
					"$(inherited)",
					"$(SRCROOT)/Sources/particle_filter/include",
				);
				INFOPLIST_FILE = ParticleFilter.xcodeproj/ParticleFilter_Info.plist;
				IPHONEOS_DEPLOYMENT_TARGET = 8.0;
				LD_RUNPATH_SEARCH_PATHS = "$(inherited) $(TOOLCHAIN_DIR)/usr/lib/swift/macosx";
				MACOSX_DEPLOYMENT_TARGET = 10.11;
				OTHER_CFLAGS = "$(inherited)";
				OTHER_LDFLAGS = "$(inherited)";
				OTHER_SWIFT_FLAGS = "$(inherited)";
				PRODUCT_BUNDLE_IDENTIFIER = ParticleFilter;
				PRODUCT_MODULE_NAME = "$(TARGET_NAME:c99extidentifier)";
				PRODUCT_NAME = "$(TARGET_NAME:c99extidentifier)";
				SKIP_INSTALL = YES;
				SWIFT_ACTIVE_COMPILATION_CONDITIONS = "$(inherited)";
				SWIFT_VERSION = 5.0;
				TARGET_NAME = ParticleFilter;
				TVOS_DEPLOYMENT_TARGET = 9.0;
				WATCHOS_DEPLOYMENT_TARGET = 2.0;
			};
			name = Debug;
		};
		OBJ_51 /* Release */ = {
			isa = XCBuildConfiguration;
			buildSettings = {
				ENABLE_TESTABILITY = YES;
				FRAMEWORK_SEARCH_PATHS = (
					"$(inherited)",
					"$(PLATFORM_DIR)/Developer/Library/Frameworks",
				);
				HEADER_SEARCH_PATHS = (
					"$(inherited)",
					"$(SRCROOT)/Sources/particle_filter/include",
				);
				INFOPLIST_FILE = ParticleFilter.xcodeproj/ParticleFilter_Info.plist;
				IPHONEOS_DEPLOYMENT_TARGET = 8.0;
				LD_RUNPATH_SEARCH_PATHS = "$(inherited) $(TOOLCHAIN_DIR)/usr/lib/swift/macosx";
				MACOSX_DEPLOYMENT_TARGET = 10.11;
				OTHER_CFLAGS = "$(inherited)";
				OTHER_LDFLAGS = "$(inherited)";
				OTHER_SWIFT_FLAGS = "$(inherited)";
				PRODUCT_BUNDLE_IDENTIFIER = ParticleFilter;
				PRODUCT_MODULE_NAME = "$(TARGET_NAME:c99extidentifier)";
				PRODUCT_NAME = "$(TARGET_NAME:c99extidentifier)";
				SKIP_INSTALL = YES;
				SWIFT_ACTIVE_COMPILATION_CONDITIONS = "$(inherited)";
				SWIFT_VERSION = 5.0;
				TARGET_NAME = ParticleFilter;
				TVOS_DEPLOYMENT_TARGET = 9.0;
				WATCHOS_DEPLOYMENT_TARGET = 2.0;
			};
			name = Release;
		};
		OBJ_67 /* Debug */ = {
			isa = XCBuildConfiguration;
			buildSettings = {
				LD = /usr/bin/true;
				OTHER_SWIFT_FLAGS = "-swift-version 5 -I $(TOOLCHAIN_DIR)/usr/lib/swift/pm/4_2 -target x86_64-apple-macosx10.10 -sdk /Applications/Xcode.app/Contents/Developer/Platforms/MacOSX.platform/Developer/SDKs/MacOSX10.14.sdk";
				SWIFT_VERSION = 5.0;
			};
			name = Debug;
		};
		OBJ_68 /* Release */ = {
			isa = XCBuildConfiguration;
			buildSettings = {
				LD = /usr/bin/true;
				OTHER_SWIFT_FLAGS = "-swift-version 5 -I $(TOOLCHAIN_DIR)/usr/lib/swift/pm/4_2 -target x86_64-apple-macosx10.10 -sdk /Applications/Xcode.app/Contents/Developer/Platforms/MacOSX.platform/Developer/SDKs/MacOSX10.14.sdk";
				SWIFT_VERSION = 5.0;
			};
			name = Release;
		};
		OBJ_73 /* Debug */ = {
			isa = XCBuildConfiguration;
			buildSettings = {
			};
			name = Debug;
		};
		OBJ_74 /* Release */ = {
			isa = XCBuildConfiguration;
			buildSettings = {
			};
			name = Release;
		};
		OBJ_78 /* Debug */ = {
			isa = XCBuildConfiguration;
			buildSettings = {
				CLANG_ENABLE_MODULES = YES;
				EMBEDDED_CONTENT_CONTAINS_SWIFT = YES;
				FRAMEWORK_SEARCH_PATHS = (
					"$(inherited)",
					"$(PLATFORM_DIR)/Developer/Library/Frameworks",
				);
				HEADER_SEARCH_PATHS = (
					"$(inherited)",
					"$(SRCROOT)/Sources/particle_filter/include",
				);
				INFOPLIST_FILE = ParticleFilter.xcodeproj/ParticleFilterTests_Info.plist;
				IPHONEOS_DEPLOYMENT_TARGET = 8.0;
				LD_RUNPATH_SEARCH_PATHS = "$(inherited) @loader_path/../Frameworks @loader_path/Frameworks";
				MACOSX_DEPLOYMENT_TARGET = 10.11;
				OTHER_CFLAGS = "$(inherited)";
				OTHER_LDFLAGS = "$(inherited)";
				OTHER_SWIFT_FLAGS = "$(inherited)";
				SWIFT_ACTIVE_COMPILATION_CONDITIONS = "$(inherited)";
				SWIFT_VERSION = 5.0;
				TARGET_NAME = ParticleFilterTests;
				TVOS_DEPLOYMENT_TARGET = 9.0;
				WATCHOS_DEPLOYMENT_TARGET = 2.0;
			};
			name = Debug;
		};
		OBJ_79 /* Release */ = {
			isa = XCBuildConfiguration;
			buildSettings = {
				CLANG_ENABLE_MODULES = YES;
				EMBEDDED_CONTENT_CONTAINS_SWIFT = YES;
				FRAMEWORK_SEARCH_PATHS = (
					"$(inherited)",
					"$(PLATFORM_DIR)/Developer/Library/Frameworks",
				);
				HEADER_SEARCH_PATHS = (
					"$(inherited)",
					"$(SRCROOT)/Sources/particle_filter/include",
				);
				INFOPLIST_FILE = ParticleFilter.xcodeproj/ParticleFilterTests_Info.plist;
				IPHONEOS_DEPLOYMENT_TARGET = 8.0;
				LD_RUNPATH_SEARCH_PATHS = "$(inherited) @loader_path/../Frameworks @loader_path/Frameworks";
				MACOSX_DEPLOYMENT_TARGET = 10.11;
				OTHER_CFLAGS = "$(inherited)";
				OTHER_LDFLAGS = "$(inherited)";
				OTHER_SWIFT_FLAGS = "$(inherited)";
				SWIFT_ACTIVE_COMPILATION_CONDITIONS = "$(inherited)";
				SWIFT_VERSION = 5.0;
				TARGET_NAME = ParticleFilterTests;
				TVOS_DEPLOYMENT_TARGET = 9.0;
				WATCHOS_DEPLOYMENT_TARGET = 2.0;
			};
			name = Release;
		};
		OBJ_91 /* Debug */ = {
			isa = XCBuildConfiguration;
			buildSettings = {
				ENABLE_TESTABILITY = YES;
				FRAMEWORK_SEARCH_PATHS = (
					"$(inherited)",
					"$(PLATFORM_DIR)/Developer/Library/Frameworks",
				);
				HEADER_SEARCH_PATHS = "$(inherited)";
				INFOPLIST_FILE = ParticleFilter.xcodeproj/Surge_Info.plist;
				LD_RUNPATH_SEARCH_PATHS = "$(inherited) $(TOOLCHAIN_DIR)/usr/lib/swift/macosx";
				OTHER_CFLAGS = "$(inherited)";
				OTHER_LDFLAGS = "$(inherited)";
				OTHER_SWIFT_FLAGS = "$(inherited)";
				PRODUCT_BUNDLE_IDENTIFIER = Surge;
				PRODUCT_MODULE_NAME = "$(TARGET_NAME:c99extidentifier)";
				PRODUCT_NAME = "$(TARGET_NAME:c99extidentifier)";
				SKIP_INSTALL = YES;
				SWIFT_ACTIVE_COMPILATION_CONDITIONS = "$(inherited)";
				SWIFT_VERSION = 4.0;
				TARGET_NAME = Surge;
			};
			name = Debug;
		};
		OBJ_92 /* Release */ = {
			isa = XCBuildConfiguration;
			buildSettings = {
				ENABLE_TESTABILITY = YES;
				FRAMEWORK_SEARCH_PATHS = (
					"$(inherited)",
					"$(PLATFORM_DIR)/Developer/Library/Frameworks",
				);
				HEADER_SEARCH_PATHS = "$(inherited)";
				INFOPLIST_FILE = ParticleFilter.xcodeproj/Surge_Info.plist;
				LD_RUNPATH_SEARCH_PATHS = "$(inherited) $(TOOLCHAIN_DIR)/usr/lib/swift/macosx";
				OTHER_CFLAGS = "$(inherited)";
				OTHER_LDFLAGS = "$(inherited)";
				OTHER_SWIFT_FLAGS = "$(inherited)";
				PRODUCT_BUNDLE_IDENTIFIER = Surge;
				PRODUCT_MODULE_NAME = "$(TARGET_NAME:c99extidentifier)";
				PRODUCT_NAME = "$(TARGET_NAME:c99extidentifier)";
				SKIP_INSTALL = YES;
				SWIFT_ACTIVE_COMPILATION_CONDITIONS = "$(inherited)";
				SWIFT_VERSION = 4.0;
				TARGET_NAME = Surge;
			};
			name = Release;
		};
/* End XCBuildConfiguration section */

/* Begin XCConfigurationList section */
		OBJ_111 /* Build configuration list for PBXNativeTarget "SurgePackageDescription" */ = {
			isa = XCConfigurationList;
			buildConfigurations = (
				OBJ_112 /* Debug */,
				OBJ_113 /* Release */,
			);
			defaultConfigurationIsVisible = 0;
			defaultConfigurationName = Release;
		};
		OBJ_116 /* Build configuration list for PBXNativeTarget "particle_filter" */ = {
			isa = XCConfigurationList;
			buildConfigurations = (
				OBJ_117 /* Debug */,
				OBJ_118 /* Release */,
			);
			defaultConfigurationIsVisible = 0;
			defaultConfigurationName = Release;
		};
		OBJ_2 /* Build configuration list for PBXProject "ParticleFilter" */ = {
			isa = XCConfigurationList;
			buildConfigurations = (
				OBJ_3 /* Debug */,
				OBJ_4 /* Release */,
			);
			defaultConfigurationIsVisible = 0;
			defaultConfigurationName = Release;
		};
		OBJ_49 /* Build configuration list for PBXNativeTarget "ParticleFilter" */ = {
			isa = XCConfigurationList;
			buildConfigurations = (
				OBJ_50 /* Debug */,
				OBJ_51 /* Release */,
			);
			defaultConfigurationIsVisible = 0;
			defaultConfigurationName = Release;
		};
		OBJ_66 /* Build configuration list for PBXNativeTarget "ParticleFilterPackageDescription" */ = {
			isa = XCConfigurationList;
			buildConfigurations = (
				OBJ_67 /* Debug */,
				OBJ_68 /* Release */,
			);
			defaultConfigurationIsVisible = 0;
			defaultConfigurationName = Release;
		};
		OBJ_72 /* Build configuration list for PBXAggregateTarget "ParticleFilterPackageTests" */ = {
			isa = XCConfigurationList;
			buildConfigurations = (
				OBJ_73 /* Debug */,
				OBJ_74 /* Release */,
			);
			defaultConfigurationIsVisible = 0;
			defaultConfigurationName = Release;
		};
		OBJ_77 /* Build configuration list for PBXNativeTarget "ParticleFilterTests" */ = {
			isa = XCConfigurationList;
			buildConfigurations = (
				OBJ_78 /* Debug */,
				OBJ_79 /* Release */,
			);
			defaultConfigurationIsVisible = 0;
			defaultConfigurationName = Release;
		};
		OBJ_90 /* Build configuration list for PBXNativeTarget "Surge" */ = {
			isa = XCConfigurationList;
			buildConfigurations = (
				OBJ_91 /* Debug */,
				OBJ_92 /* Release */,
			);
			defaultConfigurationIsVisible = 0;
			defaultConfigurationName = Release;
		};
/* End XCConfigurationList section */
	};
	rootObject = OBJ_1 /* Project object */;
}
